
Microsoft Visual Studio Solution File, Format Version 12.00
# Visual Studio Version 17
VisualStudioVersion = 17.10.34916.146
MinimumVisualStudioVersion = 10.0.40219.1
Project("{2150E333-8FDC-42A3-9474-1A3956D46DE8}") = "src", "src", "{14702133-4E75-49E6-923F-EE3C15350881}"
EndProject
Project("{FAE04EC0-301F-11D3-BF4B-00C04F79EFBC}") = "Pizza4Ps.CustomerService.Persistence", "src\Pizza4Ps.CustomerService.Persistence\Pizza4Ps.CustomerService.Persistence.csproj", "{BEE6551B-EA86-4C89-87F8-17838D24F889}"
EndProject
Project("{FAE04EC0-301F-11D3-BF4B-00C04F79EFBC}") = "Pizza4Ps.CustomerService.API", "src\Pizza4Ps.CustomerService.API\Pizza4Ps.CustomerService.API.csproj", "{86B86A58-38F2-4F61-ABE3-587297D3ADD5}"
EndProject
Project("{FAE04EC0-301F-11D3-BF4B-00C04F79EFBC}") = "Pizza4Ps.CustomerService.Application", "src\Pizza4Ps.CustomerService.Application\Pizza4Ps.CustomerService.Application.csproj", "{DF55B839-26C4-4466-82C9-EBAD37D466D0}"
EndProject
Project("{FAE04EC0-301F-11D3-BF4B-00C04F79EFBC}") = "Pizza4Ps.CustomerService.Domain", "src\Pizza4Ps.CustomerService.Domain\Pizza4Ps.CustomerService.Domain.csproj", "{269EC451-1C13-4284-ACF2-6993ECD4A4AD}"
EndProject
Project("{FAE04EC0-301F-11D3-BF4B-00C04F79EFBC}") = "Pizza4Ps.CustomerService.Infrastructure", "src\Pizza4Ps.CustomerService.Infrastructure\Pizza4Ps.CustomerService.Infrastructure.csproj", "{1ECF526C-DD75-474A-ADDB-6FF6098D1D9D}"
EndProject
Project("{FAE04EC0-301F-11D3-BF4B-00C04F79EFBC}") = "Pizza4Ps.CustomerService.Application.Contract", "src\Pizza4Ps.CustomerService.Application.Contract\Pizza4Ps.CustomerService.Application.Contract.csproj", "{1EA0929A-7B28-47D5-BDDA-74B11DC97074}"
EndProject
Global
	GlobalSection(SolutionConfigurationPlatforms) = preSolution
		Debug|Any CPU = Debug|Any CPU
		Release|Any CPU = Release|Any CPU
	EndGlobalSection
	GlobalSection(ProjectConfigurationPlatforms) = postSolution
		{BEE6551B-EA86-4C89-87F8-17838D24F889}.Debug|Any CPU.ActiveCfg = Debug|Any CPU
		{BEE6551B-EA86-4C89-87F8-17838D24F889}.Debug|Any CPU.Build.0 = Debug|Any CPU
		{BEE6551B-EA86-4C89-87F8-17838D24F889}.Release|Any CPU.ActiveCfg = Release|Any CPU
		{BEE6551B-EA86-4C89-87F8-17838D24F889}.Release|Any CPU.Build.0 = Release|Any CPU
		{86B86A58-38F2-4F61-ABE3-587297D3ADD5}.Debug|Any CPU.ActiveCfg = Debug|Any CPU
		{86B86A58-38F2-4F61-ABE3-587297D3ADD5}.Debug|Any CPU.Build.0 = Debug|Any CPU
		{86B86A58-38F2-4F61-ABE3-587297D3ADD5}.Release|Any CPU.ActiveCfg = Release|Any CPU
		{86B86A58-38F2-4F61-ABE3-587297D3ADD5}.Release|Any CPU.Build.0 = Release|Any CPU
		{DF55B839-26C4-4466-82C9-EBAD37D466D0}.Debug|Any CPU.ActiveCfg = Debug|Any CPU
		{DF55B839-26C4-4466-82C9-EBAD37D466D0}.Debug|Any CPU.Build.0 = Debug|Any CPU
		{DF55B839-26C4-4466-82C9-EBAD37D466D0}.Release|Any CPU.ActiveCfg = Release|Any CPU
		{DF55B839-26C4-4466-82C9-EBAD37D466D0}.Release|Any CPU.Build.0 = Release|Any CPU
		{269EC451-1C13-4284-ACF2-6993ECD4A4AD}.Debug|Any CPU.ActiveCfg = Debug|Any CPU
		{269EC451-1C13-4284-ACF2-6993ECD4A4AD}.Debug|Any CPU.Build.0 = Debug|Any CPU
		{269EC451-1C13-4284-ACF2-6993ECD4A4AD}.Release|Any CPU.ActiveCfg = Release|Any CPU
		{269EC451-1C13-4284-ACF2-6993ECD4A4AD}.Release|Any CPU.Build.0 = Release|Any CPU
		{1ECF526C-DD75-474A-ADDB-6FF6098D1D9D}.Debug|Any CPU.ActiveCfg = Debug|Any CPU
		{1ECF526C-DD75-474A-ADDB-6FF6098D1D9D}.Debug|Any CPU.Build.0 = Debug|Any CPU
		{1ECF526C-DD75-474A-ADDB-6FF6098D1D9D}.Release|Any CPU.ActiveCfg = Release|Any CPU
		{1ECF526C-DD75-474A-ADDB-6FF6098D1D9D}.Release|Any CPU.Build.0 = Release|Any CPU
		{1EA0929A-7B28-47D5-BDDA-74B11DC97074}.Debug|Any CPU.ActiveCfg = Debug|Any CPU
		{1EA0929A-7B28-47D5-BDDA-74B11DC97074}.Debug|Any CPU.Build.0 = Debug|Any CPU
		{1EA0929A-7B28-47D5-BDDA-74B11DC97074}.Release|Any CPU.ActiveCfg = Release|Any CPU
		{1EA0929A-7B28-47D5-BDDA-74B11DC97074}.Release|Any CPU.Build.0 = Release|Any CPU
	EndGlobalSection
	GlobalSection(SolutionProperties) = preSolution
		HideSolutionNode = FALSE
	EndGlobalSection
	GlobalSection(NestedProjects) = preSolution
		{BEE6551B-EA86-4C89-87F8-17838D24F889} = {14702133-4E75-49E6-923F-EE3C15350881}
		{86B86A58-38F2-4F61-ABE3-587297D3ADD5} = {14702133-4E75-49E6-923F-EE3C15350881}
		{DF55B839-26C4-4466-82C9-EBAD37D466D0} = {14702133-4E75-49E6-923F-EE3C15350881}
		{269EC451-1C13-4284-ACF2-6993ECD4A4AD} = {14702133-4E75-49E6-923F-EE3C15350881}
		{1ECF526C-DD75-474A-ADDB-6FF6098D1D9D} = {14702133-4E75-49E6-923F-EE3C15350881}
		{1EA0929A-7B28-47D5-BDDA-74B11DC97074} = {14702133-4E75-49E6-923F-EE3C15350881}
	EndGlobalSection
	GlobalSection(ExtensibilityGlobals) = postSolution
		SolutionGuid = {303245B1-6E26-43FA-9692-42F0E11A78D2}
	EndGlobalSection
EndGlobal
